
Microsoft Visual Studio Solution File, Format Version 12.00
# Visual Studio 15
VisualStudioVersion = 15.0.27428.2043
MinimumVisualStudioVersion = 10.0.40219.1
Project("{FAE04EC0-301F-11D3-BF4B-00C04F79EFBC}") = "InpliOVE.UWP.App", "InpliOVE.UWP.App\InpliOVE.UWP.App.csproj", "{00933C77-0972-4440-A5C0-FC2C40ECEF34}"
EndProject
Project("{2150E333-8FDC-42A3-9474-1A3956D46DE8}") = "Modules", "Modules", "{B2671D3F-0813-4E01-9F51-C90526C369B5}"
EndProject
Project("{9A19103F-16F7-4668-BE54-9A1E7A4F7556}") = "VtNetCore", "Modules\VtNetCore\VtNetCore\VtNetCore.csproj", "{FF4D83BC-79E8-4014-8F57-AD4F9D2B89D4}"
EndProject
Project("{9A19103F-16F7-4668-BE54-9A1E7A4F7556}") = "VtConnect", "Modules\VtConnect\VtConnect\VtConnect.csproj", "{9FD02A9A-9C55-40EE-878E-DB02ECD2A2E4}"
EndProject
Project("{9A19103F-16F7-4668-BE54-9A1E7A4F7556}") = "Renci.SshNet.NETCore", "Modules\SSH.NET\src\Renci.SshNet.NETCore\Renci.SshNet.NETCore.csproj", "{70BFEDFE-F2B6-4965-B2C1-04D9D61320CF}"
EndProject
Project("{FAE04EC0-301F-11D3-BF4B-00C04F79EFBC}") = "VtNetCore.UWP", "Modules\VtNetCore.UWP\VtNetCore.UWP\VtNetCore.UWP.csproj", "{1D4153D2-7653-47D1-8412-A2623052F6B9}"
EndProject
Global
	GlobalSection(SolutionConfigurationPlatforms) = preSolution
		Debug VtNetCore.Uwp|Any CPU = Debug VtNetCore.Uwp|Any CPU
		Debug VtNetCore.Uwp|ARM = Debug VtNetCore.Uwp|ARM
		Debug VtNetCore.Uwp|x64 = Debug VtNetCore.Uwp|x64
		Debug VtNetCore.Uwp|x86 = Debug VtNetCore.Uwp|x86
		Debug|Any CPU = Debug|Any CPU
		Debug|ARM = Debug|ARM
		Debug|x64 = Debug|x64
		Debug|x86 = Debug|x86
		Release|Any CPU = Release|Any CPU
		Release|ARM = Release|ARM
		Release|x64 = Release|x64
		Release|x86 = Release|x86
	EndGlobalSection
	GlobalSection(ProjectConfigurationPlatforms) = postSolution
		{00933C77-0972-4440-A5C0-FC2C40ECEF34}.Debug VtNetCore.Uwp|Any CPU.ActiveCfg = Release|x86
		{00933C77-0972-4440-A5C0-FC2C40ECEF34}.Debug VtNetCore.Uwp|Any CPU.Build.0 = Release|x86
		{00933C77-0972-4440-A5C0-FC2C40ECEF34}.Debug VtNetCore.Uwp|Any CPU.Deploy.0 = Release|x86
		{00933C77-0972-4440-A5C0-FC2C40ECEF34}.Debug VtNetCore.Uwp|ARM.ActiveCfg = Debug|ARM
		{00933C77-0972-4440-A5C0-FC2C40ECEF34}.Debug VtNetCore.Uwp|ARM.Build.0 = Debug|ARM
		{00933C77-0972-4440-A5C0-FC2C40ECEF34}.Debug VtNetCore.Uwp|ARM.Deploy.0 = Debug|ARM
		{00933C77-0972-4440-A5C0-FC2C40ECEF34}.Debug VtNetCore.Uwp|x64.ActiveCfg = Debug|x64
		{00933C77-0972-4440-A5C0-FC2C40ECEF34}.Debug VtNetCore.Uwp|x64.Build.0 = Debug|x64
		{00933C77-0972-4440-A5C0-FC2C40ECEF34}.Debug VtNetCore.Uwp|x64.Deploy.0 = Debug|x64
		{00933C77-0972-4440-A5C0-FC2C40ECEF34}.Debug VtNetCore.Uwp|x86.ActiveCfg = Debug|x86
		{00933C77-0972-4440-A5C0-FC2C40ECEF34}.Debug VtNetCore.Uwp|x86.Build.0 = Debug|x86
		{00933C77-0972-4440-A5C0-FC2C40ECEF34}.Debug VtNetCore.Uwp|x86.Deploy.0 = Debug|x86
		{00933C77-0972-4440-A5C0-FC2C40ECEF34}.Debug|Any CPU.ActiveCfg = Debug|x86
		{00933C77-0972-4440-A5C0-FC2C40ECEF34}.Debug|ARM.ActiveCfg = Debug|ARM
		{00933C77-0972-4440-A5C0-FC2C40ECEF34}.Debug|ARM.Build.0 = Debug|ARM
		{00933C77-0972-4440-A5C0-FC2C40ECEF34}.Debug|ARM.Deploy.0 = Debug|ARM
		{00933C77-0972-4440-A5C0-FC2C40ECEF34}.Debug|x64.ActiveCfg = Debug|x64
		{00933C77-0972-4440-A5C0-FC2C40ECEF34}.Debug|x64.Build.0 = Debug|x64
		{00933C77-0972-4440-A5C0-FC2C40ECEF34}.Debug|x64.Deploy.0 = Debug|x64
		{00933C77-0972-4440-A5C0-FC2C40ECEF34}.Debug|x86.ActiveCfg = Debug|x86
		{00933C77-0972-4440-A5C0-FC2C40ECEF34}.Debug|x86.Build.0 = Debug|x86
		{00933C77-0972-4440-A5C0-FC2C40ECEF34}.Debug|x86.Deploy.0 = Debug|x86
		{00933C77-0972-4440-A5C0-FC2C40ECEF34}.Release|Any CPU.ActiveCfg = Release|x86
		{00933C77-0972-4440-A5C0-FC2C40ECEF34}.Release|ARM.ActiveCfg = Release|ARM
		{00933C77-0972-4440-A5C0-FC2C40ECEF34}.Release|ARM.Build.0 = Release|ARM
		{00933C77-0972-4440-A5C0-FC2C40ECEF34}.Release|ARM.Deploy.0 = Release|ARM
		{00933C77-0972-4440-A5C0-FC2C40ECEF34}.Release|x64.ActiveCfg = Release|x64
		{00933C77-0972-4440-A5C0-FC2C40ECEF34}.Release|x64.Build.0 = Release|x64
		{00933C77-0972-4440-A5C0-FC2C40ECEF34}.Release|x64.Deploy.0 = Release|x64
		{00933C77-0972-4440-A5C0-FC2C40ECEF34}.Release|x86.ActiveCfg = Release|x86
		{00933C77-0972-4440-A5C0-FC2C40ECEF34}.Release|x86.Build.0 = Release|x86
		{00933C77-0972-4440-A5C0-FC2C40ECEF34}.Release|x86.Deploy.0 = Release|x86
		{FF4D83BC-79E8-4014-8F57-AD4F9D2B89D4}.Debug VtNetCore.Uwp|Any CPU.ActiveCfg = Debug|Any CPU
		{FF4D83BC-79E8-4014-8F57-AD4F9D2B89D4}.Debug VtNetCore.Uwp|Any CPU.Build.0 = Debug|Any CPU
		{FF4D83BC-79E8-4014-8F57-AD4F9D2B89D4}.Debug VtNetCore.Uwp|ARM.ActiveCfg = Debug|Any CPU
		{FF4D83BC-79E8-4014-8F57-AD4F9D2B89D4}.Debug VtNetCore.Uwp|ARM.Build.0 = Debug|Any CPU
		{FF4D83BC-79E8-4014-8F57-AD4F9D2B89D4}.Debug VtNetCore.Uwp|x64.ActiveCfg = Debug|Any CPU
		{FF4D83BC-79E8-4014-8F57-AD4F9D2B89D4}.Debug VtNetCore.Uwp|x64.Build.0 = Debug|Any CPU
		{FF4D83BC-79E8-4014-8F57-AD4F9D2B89D4}.Debug VtNetCore.Uwp|x86.ActiveCfg = Debug|Any CPU
		{FF4D83BC-79E8-4014-8F57-AD4F9D2B89D4}.Debug VtNetCore.Uwp|x86.Build.0 = Debug|Any CPU
		{FF4D83BC-79E8-4014-8F57-AD4F9D2B89D4}.Debug|Any CPU.ActiveCfg = Debug|Any CPU
		{FF4D83BC-79E8-4014-8F57-AD4F9D2B89D4}.Debug|Any CPU.Build.0 = Debug|Any CPU
		{FF4D83BC-79E8-4014-8F57-AD4F9D2B89D4}.Debug|ARM.ActiveCfg = Debug|Any CPU
		{FF4D83BC-79E8-4014-8F57-AD4F9D2B89D4}.Debug|ARM.Build.0 = Debug|Any CPU
		{FF4D83BC-79E8-4014-8F57-AD4F9D2B89D4}.Debug|x64.ActiveCfg = Debug|Any CPU
		{FF4D83BC-79E8-4014-8F57-AD4F9D2B89D4}.Debug|x64.Build.0 = Debug|Any CPU
		{FF4D83BC-79E8-4014-8F57-AD4F9D2B89D4}.Debug|x86.ActiveCfg = Debug|Any CPU
		{FF4D83BC-79E8-4014-8F57-AD4F9D2B89D4}.Debug|x86.Build.0 = Debug|Any CPU
		{FF4D83BC-79E8-4014-8F57-AD4F9D2B89D4}.Release|Any CPU.ActiveCfg = Release|Any CPU
		{FF4D83BC-79E8-4014-8F57-AD4F9D2B89D4}.Release|Any CPU.Build.0 = Release|Any CPU
		{FF4D83BC-79E8-4014-8F57-AD4F9D2B89D4}.Release|ARM.ActiveCfg = Release|Any CPU
		{FF4D83BC-79E8-4014-8F57-AD4F9D2B89D4}.Release|ARM.Build.0 = Release|Any CPU
		{FF4D83BC-79E8-4014-8F57-AD4F9D2B89D4}.Release|x64.ActiveCfg = Release|Any CPU
		{FF4D83BC-79E8-4014-8F57-AD4F9D2B89D4}.Release|x64.Build.0 = Release|Any CPU
		{FF4D83BC-79E8-4014-8F57-AD4F9D2B89D4}.Release|x86.ActiveCfg = Release|Any CPU
		{FF4D83BC-79E8-4014-8F57-AD4F9D2B89D4}.Release|x86.Build.0 = Release|Any CPU
		{9FD02A9A-9C55-40EE-878E-DB02ECD2A2E4}.Debug VtNetCore.Uwp|Any CPU.ActiveCfg = Debug|Any CPU
		{9FD02A9A-9C55-40EE-878E-DB02ECD2A2E4}.Debug VtNetCore.Uwp|Any CPU.Build.0 = Debug|Any CPU
		{9FD02A9A-9C55-40EE-878E-DB02ECD2A2E4}.Debug VtNetCore.Uwp|ARM.ActiveCfg = Debug|Any CPU
		{9FD02A9A-9C55-40EE-878E-DB02ECD2A2E4}.Debug VtNetCore.Uwp|ARM.Build.0 = Debug|Any CPU
		{9FD02A9A-9C55-40EE-878E-DB02ECD2A2E4}.Debug VtNetCore.Uwp|x64.ActiveCfg = Debug|Any CPU
		{9FD02A9A-9C55-40EE-878E-DB02ECD2A2E4}.Debug VtNetCore.Uwp|x64.Build.0 = Debug|Any CPU
		{9FD02A9A-9C55-40EE-878E-DB02ECD2A2E4}.Debug VtNetCore.Uwp|x86.ActiveCfg = Debug|Any CPU
		{9FD02A9A-9C55-40EE-878E-DB02ECD2A2E4}.Debug VtNetCore.Uwp|x86.Build.0 = Debug|Any CPU
		{9FD02A9A-9C55-40EE-878E-DB02ECD2A2E4}.Debug|Any CPU.ActiveCfg = Debug|Any CPU
		{9FD02A9A-9C55-40EE-878E-DB02ECD2A2E4}.Debug|Any CPU.Build.0 = Debug|Any CPU
		{9FD02A9A-9C55-40EE-878E-DB02ECD2A2E4}.Debug|ARM.ActiveCfg = Debug|Any CPU
		{9FD02A9A-9C55-40EE-878E-DB02ECD2A2E4}.Debug|ARM.Build.0 = Debug|Any CPU
		{9FD02A9A-9C55-40EE-878E-DB02ECD2A2E4}.Debug|x64.ActiveCfg = Debug|Any CPU
		{9FD02A9A-9C55-40EE-878E-DB02ECD2A2E4}.Debug|x64.Build.0 = Debug|Any CPU
		{9FD02A9A-9C55-40EE-878E-DB02ECD2A2E4}.Debug|x86.ActiveCfg = Debug|Any CPU
		{9FD02A9A-9C55-40EE-878E-DB02ECD2A2E4}.Debug|x86.Build.0 = Debug|Any CPU
		{9FD02A9A-9C55-40EE-878E-DB02ECD2A2E4}.Release|Any CPU.ActiveCfg = Release|Any CPU
		{9FD02A9A-9C55-40EE-878E-DB02ECD2A2E4}.Release|Any CPU.Build.0 = Release|Any CPU
		{9FD02A9A-9C55-40EE-878E-DB02ECD2A2E4}.Release|ARM.ActiveCfg = Release|Any CPU
		{9FD02A9A-9C55-40EE-878E-DB02ECD2A2E4}.Release|ARM.Build.0 = Release|Any CPU
		{9FD02A9A-9C55-40EE-878E-DB02ECD2A2E4}.Release|x64.ActiveCfg = Release|Any CPU
		{9FD02A9A-9C55-40EE-878E-DB02ECD2A2E4}.Release|x64.Build.0 = Release|Any CPU
		{9FD02A9A-9C55-40EE-878E-DB02ECD2A2E4}.Release|x86.ActiveCfg = Release|Any CPU
		{9FD02A9A-9C55-40EE-878E-DB02ECD2A2E4}.Release|x86.Build.0 = Release|Any CPU
		{70BFEDFE-F2B6-4965-B2C1-04D9D61320CF}.Debug VtNetCore.Uwp|Any CPU.ActiveCfg = Debug|Any CPU
		{70BFEDFE-F2B6-4965-B2C1-04D9D61320CF}.Debug VtNetCore.Uwp|Any CPU.Build.0 = Debug|Any CPU
		{70BFEDFE-F2B6-4965-B2C1-04D9D61320CF}.Debug VtNetCore.Uwp|ARM.ActiveCfg = Debug|Any CPU
		{70BFEDFE-F2B6-4965-B2C1-04D9D61320CF}.Debug VtNetCore.Uwp|ARM.Build.0 = Debug|Any CPU
		{70BFEDFE-F2B6-4965-B2C1-04D9D61320CF}.Debug VtNetCore.Uwp|x64.ActiveCfg = Debug|Any CPU
		{70BFEDFE-F2B6-4965-B2C1-04D9D61320CF}.Debug VtNetCore.Uwp|x64.Build.0 = Debug|Any CPU
		{70BFEDFE-F2B6-4965-B2C1-04D9D61320CF}.Debug VtNetCore.Uwp|x86.ActiveCfg = Debug|Any CPU
		{70BFEDFE-F2B6-4965-B2C1-04D9D61320CF}.Debug VtNetCore.Uwp|x86.Build.0 = Debug|Any CPU
		{70BFEDFE-F2B6-4965-B2C1-04D9D61320CF}.Debug|Any CPU.ActiveCfg = Debug|Any CPU
		{70BFEDFE-F2B6-4965-B2C1-04D9D61320CF}.Debug|Any CPU.Build.0 = Debug|Any CPU
		{70BFEDFE-F2B6-4965-B2C1-04D9D61320CF}.Debug|ARM.ActiveCfg = Debug|Any CPU
		{70BFEDFE-F2B6-4965-B2C1-04D9D61320CF}.Debug|ARM.Build.0 = Debug|Any CPU
		{70BFEDFE-F2B6-4965-B2C1-04D9D61320CF}.Debug|x64.ActiveCfg = Debug|Any CPU
		{70BFEDFE-F2B6-4965-B2C1-04D9D61320CF}.Debug|x64.Build.0 = Debug|Any CPU
		{70BFEDFE-F2B6-4965-B2C1-04D9D61320CF}.Debug|x86.ActiveCfg = Debug|Any CPU
		{70BFEDFE-F2B6-4965-B2C1-04D9D61320CF}.Debug|x86.Build.0 = Debug|Any CPU
		{70BFEDFE-F2B6-4965-B2C1-04D9D61320CF}.Release|Any CPU.ActiveCfg = Release|Any CPU
		{70BFEDFE-F2B6-4965-B2C1-04D9D61320CF}.Release|Any CPU.Build.0 = Release|Any CPU
		{70BFEDFE-F2B6-4965-B2C1-04D9D61320CF}.Release|ARM.ActiveCfg = Release|Any CPU
		{70BFEDFE-F2B6-4965-B2C1-04D9D61320CF}.Release|ARM.Build.0 = Release|Any CPU
		{70BFEDFE-F2B6-4965-B2C1-04D9D61320CF}.Release|x64.ActiveCfg = Release|Any CPU
		{70BFEDFE-F2B6-4965-B2C1-04D9D61320CF}.Release|x64.Build.0 = Release|Any CPU
		{70BFEDFE-F2B6-4965-B2C1-04D9D61320CF}.Release|x86.ActiveCfg = Release|Any CPU
		{70BFEDFE-F2B6-4965-B2C1-04D9D61320CF}.Release|x86.Build.0 = Release|Any CPU
		{1D4153D2-7653-47D1-8412-A2623052F6B9}.Debug VtNetCore.Uwp|Any CPU.ActiveCfg = Debug VtNetCore.Uwp|Any CPU
		{1D4153D2-7653-47D1-8412-A2623052F6B9}.Debug VtNetCore.Uwp|Any CPU.Build.0 = Debug VtNetCore.Uwp|Any CPU
		{1D4153D2-7653-47D1-8412-A2623052F6B9}.Debug VtNetCore.Uwp|ARM.ActiveCfg = Debug VtNetCore.Uwp|ARM
		{1D4153D2-7653-47D1-8412-A2623052F6B9}.Debug VtNetCore.Uwp|ARM.Build.0 = Debug VtNetCore.Uwp|ARM
		{1D4153D2-7653-47D1-8412-A2623052F6B9}.Debug VtNetCore.Uwp|x64.ActiveCfg = Debug VtNetCore.Uwp|x64
		{1D4153D2-7653-47D1-8412-A2623052F6B9}.Debug VtNetCore.Uwp|x64.Build.0 = Debug VtNetCore.Uwp|x64
		{1D4153D2-7653-47D1-8412-A2623052F6B9}.Debug VtNetCore.Uwp|x86.ActiveCfg = Debug VtNetCore.Uwp|x86
		{1D4153D2-7653-47D1-8412-A2623052F6B9}.Debug VtNetCore.Uwp|x86.Build.0 = Debug VtNetCore.Uwp|x86
		{1D4153D2-7653-47D1-8412-A2623052F6B9}.Debug|Any CPU.ActiveCfg = Debug|Any CPU
		{1D4153D2-7653-47D1-8412-A2623052F6B9}.Debug|Any CPU.Build.0 = Debug|Any CPU
		{1D4153D2-7653-47D1-8412-A2623052F6B9}.Debug|ARM.ActiveCfg = Debug|ARM
		{1D4153D2-7653-47D1-8412-A2623052F6B9}.Debug|ARM.Build.0 = Debug|ARM
		{1D4153D2-7653-47D1-8412-A2623052F6B9}.Debug|x64.ActiveCfg = Debug|x64
		{1D4153D2-7653-47D1-8412-A2623052F6B9}.Debug|x64.Build.0 = Debug|x64
		{1D4153D2-7653-47D1-8412-A2623052F6B9}.Debug|x86.ActiveCfg = Debug|x86
		{1D4153D2-7653-47D1-8412-A2623052F6B9}.Debug|x86.Build.0 = Debug|x86
		{1D4153D2-7653-47D1-8412-A2623052F6B9}.Release|Any CPU.ActiveCfg = Release|Any CPU
		{1D4153D2-7653-47D1-8412-A2623052F6B9}.Release|Any CPU.Build.0 = Release|Any CPU
		{1D4153D2-7653-47D1-8412-A2623052F6B9}.Release|ARM.ActiveCfg = Release|ARM
		{1D4153D2-7653-47D1-8412-A2623052F6B9}.Release|ARM.Build.0 = Release|ARM
		{1D4153D2-7653-47D1-8412-A2623052F6B9}.Release|x64.ActiveCfg = Release|x64
		{1D4153D2-7653-47D1-8412-A2623052F6B9}.Release|x64.Build.0 = Release|x64
		{1D4153D2-7653-47D1-8412-A2623052F6B9}.Release|x86.ActiveCfg = Release|x86
		{1D4153D2-7653-47D1-8412-A2623052F6B9}.Release|x86.Build.0 = Release|x86
	EndGlobalSection
	GlobalSection(SolutionProperties) = preSolution
		HideSolutionNode = FALSE
	EndGlobalSection
	GlobalSection(NestedProjects) = preSolution
		{FF4D83BC-79E8-4014-8F57-AD4F9D2B89D4} = {B2671D3F-0813-4E01-9F51-C90526C369B5}
		{9FD02A9A-9C55-40EE-878E-DB02ECD2A2E4} = {B2671D3F-0813-4E01-9F51-C90526C369B5}
		{70BFEDFE-F2B6-4965-B2C1-04D9D61320CF} = {B2671D3F-0813-4E01-9F51-C90526C369B5}
		{1D4153D2-7653-47D1-8412-A2623052F6B9} = {B2671D3F-0813-4E01-9F51-C90526C369B5}
	EndGlobalSection
	GlobalSection(ExtensibilityGlobals) = postSolution
		SolutionGuid = {78DA1BFA-9220-4FD3-B1CC-56AC6154F9A1}
	EndGlobalSection
EndGlobal
